
Microsoft Visual Studio Solution File, Format Version 12.00
# Visual Studio for Mac
Project("{FAE04EC0-301F-11D3-BF4B-00C04F79EFBC}") = "Assembly-CSharp-firstpass", "Assembly-CSharp-firstpass.csproj", "{F7164C5B-33F0-351E-9682-4D5675534EFC}"
EndProject
Project("{FAE04EC0-301F-11D3-BF4B-00C04F79EFBC}") = "Assembly-CSharp", "Assembly-CSharp.csproj", "{37355000-1896-AA08-100F-62D10C67EEF9}"
EndProject
Project("{FAE04EC0-301F-11D3-BF4B-00C04F79EFBC}") = "Assembly-CSharp-Editor", "Assembly-CSharp-Editor.csproj", "{7A84FB7B-261F-0A67-35DC-085C9BF77B79}"
EndProject
Global
	GlobalSection(SolutionConfigurationPlatforms) = preSolution
		Debug|Any CPU = Debug|Any CPU
		Release|Any CPU = Release|Any CPU
	EndGlobalSection
	GlobalSection(ProjectConfigurationPlatforms) = postSolution
		{F7164C5B-33F0-351E-9682-4D5675534EFC}.Debug|Any CPU.ActiveCfg = Debug|Any CPU
		{F7164C5B-33F0-351E-9682-4D5675534EFC}.Debug|Any CPU.Build.0 = Debug|Any CPU
		{F7164C5B-33F0-351E-9682-4D5675534EFC}.Release|Any CPU.ActiveCfg = Release|Any CPU
		{F7164C5B-33F0-351E-9682-4D5675534EFC}.Release|Any CPU.Build.0 = Release|Any CPU
		{37355000-1896-AA08-100F-62D10C67EEF9}.Debug|Any CPU.ActiveCfg = Debug|Any CPU
		{37355000-1896-AA08-100F-62D10C67EEF9}.Debug|Any CPU.Build.0 = Debug|Any CPU
		{37355000-1896-AA08-100F-62D10C67EEF9}.Release|Any CPU.ActiveCfg = Release|Any CPU
		{37355000-1896-AA08-100F-62D10C67EEF9}.Release|Any CPU.Build.0 = Release|Any CPU
		{7A84FB7B-261F-0A67-35DC-085C9BF77B79}.Debug|Any CPU.ActiveCfg = Debug|Any CPU
		{7A84FB7B-261F-0A67-35DC-085C9BF77B79}.Debug|Any CPU.Build.0 = Debug|Any CPU
		{7A84FB7B-261F-0A67-35DC-085C9BF77B79}.Release|Any CPU.ActiveCfg = Release|Any CPU
		{7A84FB7B-261F-0A67-35DC-085C9BF77B79}.Release|Any CPU.Build.0 = Release|Any CPU
	EndGlobalSection
	GlobalSection(SolutionProperties) = preSolution
		HideSolutionNode = FALSE
	EndGlobalSection
EndGlobal
